
Microsoft Visual Studio Solution File, Format Version 12.00
# Visual Studio Version 17
VisualStudioVersion = 17.14.36915.13
MinimumVisualStudioVersion = 10.0.40219.1
Project("{FAE04EC0-301F-11D3-BF4B-00C04F79EFBC}") = "Adressbook", "LibraryManagementSystem\Adressbook.csproj", "{A84C0128-081F-46DD-8500-D43F5DE96CF0}"
EndProject
Global
	GlobalSection(SolutionConfigurationPlatforms) = preSolution
		Debug|Any CPU = Debug|Any CPU
		Release|Any CPU = Release|Any CPU
	EndGlobalSection
	GlobalSection(ProjectConfigurationPlatforms) = postSolution
		{A84C0128-081F-46DD-8500-D43F5DE96CF0}.Debug|Any CPU.ActiveCfg = Debug|Any CPU
		{A84C0128-081F-46DD-8500-D43F5DE96CF0}.Debug|Any CPU.Build.0 = Debug|Any CPU
		{A84C0128-081F-46DD-8500-D43F5DE96CF0}.Release|Any CPU.ActiveCfg = Release|Any CPU
		{A84C0128-081F-46DD-8500-D43F5DE96CF0}.Release|Any CPU.Build.0 = Release|Any CPU
	EndGlobalSection
	GlobalSection(SolutionProperties) = preSolution
		HideSolutionNode = FALSE
	EndGlobalSection
	GlobalSection(ExtensibilityGlobals) = postSolution
		SolutionGuid = {A75A2E47-599F-4E46-9EBC-FF03CF84EA14}
	EndGlobalSection
EndGlobal
